// !$*UTF8*$!
{
	archiveVersion = 1;
	classes = {
	};
	objectVersion = 46;
	objects = {

/* Begin PBXBuildFile section */
		0243FF791EBD13AA00D6C552 /* GoogleService-Info.plist in Resources */ = {isa = PBXBuildFile; fileRef = 0243FF781EBD13AA00D6C552 /* GoogleService-Info.plist */; };
		026A51421EBD151A00F6E528 /* Survey.swift in Sources */ = {isa = PBXBuildFile; fileRef = 026A51411EBD151A00F6E528 /* Survey.swift */; };
		028357B01EB6631B00C67781 /* AppDelegate.swift in Sources */ = {isa = PBXBuildFile; fileRef = 028357AF1EB6631B00C67781 /* AppDelegate.swift */; };
		028357B21EB6631B00C67781 /* ViewController.swift in Sources */ = {isa = PBXBuildFile; fileRef = 028357B11EB6631B00C67781 /* ViewController.swift */; };
		028357B51EB6631B00C67781 /* Main.storyboard in Resources */ = {isa = PBXBuildFile; fileRef = 028357B31EB6631B00C67781 /* Main.storyboard */; };
		028357B71EB6631B00C67781 /* Assets.xcassets in Resources */ = {isa = PBXBuildFile; fileRef = 028357B61EB6631B00C67781 /* Assets.xcassets */; };
		028357BA1EB6631B00C67781 /* LaunchScreen.storyboard in Resources */ = {isa = PBXBuildFile; fileRef = 028357B81EB6631B00C67781 /* LaunchScreen.storyboard */; };
		028357C21EB6642000C67781 /* FirstController.swift in Sources */ = {isa = PBXBuildFile; fileRef = 028357C11EB6642000C67781 /* FirstController.swift */; };
		028357C41EB6643C00C67781 /* SecondController.swift in Sources */ = {isa = PBXBuildFile; fileRef = 028357C31EB6643C00C67781 /* SecondController.swift */; };
		02FBD9C41EB6C0D90088A62A /* ThirdController.swift in Sources */ = {isa = PBXBuildFile; fileRef = 02FBD9C31EB6C0D90088A62A /* ThirdController.swift */; };
		02FBD9C61EB6C0EA0088A62A /* FourthController.swift in Sources */ = {isa = PBXBuildFile; fileRef = 02FBD9C51EB6C0EA0088A62A /* FourthController.swift */; };
		6AB1091A876761566F645EBA /* Pods_SurveyApp.framework in Frameworks */ = {isa = PBXBuildFile; fileRef = 1E9476B594F163E06B620FAE /* Pods_SurveyApp.framework */; };
/* End PBXBuildFile section */

/* Begin PBXFileReference section */
		0243FF781EBD13AA00D6C552 /* GoogleService-Info.plist */ = {isa = PBXFileReference; fileEncoding = 4; lastKnownFileType = text.plist.xml; path = "GoogleService-Info.plist"; sourceTree = "<group>"; };
		026A51411EBD151A00F6E528 /* Survey.swift */ = {isa = PBXFileReference; fileEncoding = 4; lastKnownFileType = sourcecode.swift; path = Survey.swift; sourceTree = "<group>"; };
		028357AC1EB6631B00C67781 /* SurveyApp.app */ = {isa = PBXFileReference; explicitFileType = wrapper.application; includeInIndex = 0; path = SurveyApp.app; sourceTree = BUILT_PRODUCTS_DIR; };
		028357AF1EB6631B00C67781 /* AppDelegate.swift */ = {isa = PBXFileReference; lastKnownFileType = sourcecode.swift; path = AppDelegate.swift; sourceTree = "<group>"; };
		028357B11EB6631B00C67781 /* ViewController.swift */ = {isa = PBXFileReference; lastKnownFileType = sourcecode.swift; path = ViewController.swift; sourceTree = "<group>"; };
		028357B41EB6631B00C67781 /* Base */ = {isa = PBXFileReference; lastKnownFileType = file.storyboard; name = Base; path = Base.lproj/Main.storyboard; sourceTree = "<group>"; };
		028357B61EB6631B00C67781 /* Assets.xcassets */ = {isa = PBXFileReference; lastKnownFileType = folder.assetcatalog; path = Assets.xcassets; sourceTree = "<group>"; };
		028357B91EB6631B00C67781 /* Base */ = {isa = PBXFileReference; lastKnownFileType = file.storyboard; name = Base; path = Base.lproj/LaunchScreen.storyboard; sourceTree = "<group>"; };
		028357BB1EB6631B00C67781 /* Info.plist */ = {isa = PBXFileReference; lastKnownFileType = text.plist.xml; path = Info.plist; sourceTree = "<group>"; };
		028357C11EB6642000C67781 /* FirstController.swift */ = {isa = PBXFileReference; fileEncoding = 4; lastKnownFileType = sourcecode.swift; path = FirstController.swift; sourceTree = "<group>"; };
		028357C31EB6643C00C67781 /* SecondController.swift */ = {isa = PBXFileReference; fileEncoding = 4; lastKnownFileType = sourcecode.swift; path = SecondController.swift; sourceTree = "<group>"; };
		02FBD9C31EB6C0D90088A62A /* ThirdController.swift */ = {isa = PBXFileReference; fileEncoding = 4; lastKnownFileType = sourcecode.swift; path = ThirdController.swift; sourceTree = "<group>"; };
		02FBD9C51EB6C0EA0088A62A /* FourthController.swift */ = {isa = PBXFileReference; fileEncoding = 4; lastKnownFileType = sourcecode.swift; path = FourthController.swift; sourceTree = "<group>"; };
		1E9476B594F163E06B620FAE /* Pods_SurveyApp.framework */ = {isa = PBXFileReference; explicitFileType = wrapper.framework; includeInIndex = 0; path = Pods_SurveyApp.framework; sourceTree = BUILT_PRODUCTS_DIR; };
		42560838670382522077F5E7 /* Pods-SurveyApp.release.xcconfig */ = {isa = PBXFileReference; includeInIndex = 1; lastKnownFileType = text.xcconfig; name = "Pods-SurveyApp.release.xcconfig"; path = "Pods/Target Support Files/Pods-SurveyApp/Pods-SurveyApp.release.xcconfig"; sourceTree = "<group>"; };
		BEEA29B62342E03F414B80A8 /* Pods-SurveyApp.debug.xcconfig */ = {isa = PBXFileReference; includeInIndex = 1; lastKnownFileType = text.xcconfig; name = "Pods-SurveyApp.debug.xcconfig"; path = "Pods/Target Support Files/Pods-SurveyApp/Pods-SurveyApp.debug.xcconfig"; sourceTree = "<group>"; };
/* End PBXFileReference section */

/* Begin PBXFrameworksBuildPhase section */
		028357A91EB6631B00C67781 /* Frameworks */ = {
			isa = PBXFrameworksBuildPhase;
			buildActionMask = 2147483647;
			files = (
				6AB1091A876761566F645EBA /* Pods_SurveyApp.framework in Frameworks */,
			);
			runOnlyForDeploymentPostprocessing = 0;
		};
/* End PBXFrameworksBuildPhase section */

/* Begin PBXGroup section */
		026A51431EBD151F00F6E528 /* Model */ = {
			isa = PBXGroup;
			children = (
				026A51411EBD151A00F6E528 /* Survey.swift */,
			);
			name = Model;
			sourceTree = "<group>";
		};
		028357A31EB6631B00C67781 = {
			isa = PBXGroup;
			children = (
				028357AE1EB6631B00C67781 /* SurveyApp */,
				028357AD1EB6631B00C67781 /* Products */,
				B0BD73044BCA61D8F8950FE5 /* Pods */,
				4BC00A2733C4FBC52D4E9FAA /* Frameworks */,
			);
			sourceTree = "<group>";
		};
		028357AD1EB6631B00C67781 /* Products */ = {
			isa = PBXGroup;
			children = (
				028357AC1EB6631B00C67781 /* SurveyApp.app */,
			);
			name = Products;
			sourceTree = "<group>";
		};
		028357AE1EB6631B00C67781 /* SurveyApp */ = {
			isa = PBXGroup;
			children = (
				026A51431EBD151F00F6E528 /* Model */,
				028357C51EB6644600C67781 /* Controller */,
				028357AF1EB6631B00C67781 /* AppDelegate.swift */,
				028357B31EB6631B00C67781 /* Main.storyboard */,
				028357B61EB6631B00C67781 /* Assets.xcassets */,
				028357B81EB6631B00C67781 /* LaunchScreen.storyboard */,
				0243FF781EBD13AA00D6C552 /* GoogleService-Info.plist */,
				028357BB1EB6631B00C67781 /* Info.plist */,
			);
			path = SurveyApp;
			sourceTree = "<group>";
		};
		028357C51EB6644600C67781 /* Controller */ = {
			isa = PBXGroup;
			children = (
				028357B11EB6631B00C67781 /* ViewController.swift */,
				028357C11EB6642000C67781 /* FirstController.swift */,
				028357C31EB6643C00C67781 /* SecondController.swift */,
				02FBD9C31EB6C0D90088A62A /* ThirdController.swift */,
				02FBD9C51EB6C0EA0088A62A /* FourthController.swift */,
			);
			name = Controller;
			sourceTree = "<group>";
		};
		4BC00A2733C4FBC52D4E9FAA /* Frameworks */ = {
			isa = PBXGroup;
			children = (
				1E9476B594F163E06B620FAE /* Pods_SurveyApp.framework */,
			);
			name = Frameworks;
			sourceTree = "<group>";
		};
		B0BD73044BCA61D8F8950FE5 /* Pods */ = {
			isa = PBXGroup;
			children = (
				BEEA29B62342E03F414B80A8 /* Pods-SurveyApp.debug.xcconfig */,
				42560838670382522077F5E7 /* Pods-SurveyApp.release.xcconfig */,
			);
			name = Pods;
			sourceTree = "<group>";
		};
/* End PBXGroup section */

/* Begin PBXNativeTarget section */
		028357AB1EB6631B00C67781 /* SurveyApp */ = {
			isa = PBXNativeTarget;
			buildConfigurationList = 028357BE1EB6631B00C67781 /* Build configuration list for PBXNativeTarget "SurveyApp" */;
			buildPhases = (
				C63D7F35C218A6EAFA610A27 /* [CP] Check Pods Manifest.lock */,
				028357A81EB6631B00C67781 /* Sources */,
				028357A91EB6631B00C67781 /* Frameworks */,
				028357AA1EB6631B00C67781 /* Resources */,
				169C9946A204CCBABDBED990 /* [CP] Embed Pods Frameworks */,
				A538EC2C3D1119DF20AE8695 /* [CP] Copy Pods Resources */,
			);
			buildRules = (
			);
			dependencies = (
			);
			name = SurveyApp;
			productName = SurveyApp;
			productReference = 028357AC1EB6631B00C67781 /* SurveyApp.app */;
			productType = "com.apple.product-type.application";
		};
/* End PBXNativeTarget section */

/* Begin PBXProject section */
		028357A41EB6631B00C67781 /* Project object */ = {
			isa = PBXProject;
			attributes = {
				LastSwiftUpdateCheck = 0830;
				LastUpgradeCheck = 0830;
				ORGANIZATIONNAME = "Bailig Abhanar";
				TargetAttributes = {
					028357AB1EB6631B00C67781 = {
						CreatedOnToolsVersion = 8.3.2;
						DevelopmentTeam = 73QVNZWQQJ;
						ProvisioningStyle = Automatic;
					};
				};
			};
			buildConfigurationList = 028357A71EB6631B00C67781 /* Build configuration list for PBXProject "SurveyApp" */;
			compatibilityVersion = "Xcode 3.2";
			developmentRegion = English;
			hasScannedForEncodings = 0;
			knownRegions = (
				en,
				Base,
			);
			mainGroup = 028357A31EB6631B00C67781;
			productRefGroup = 028357AD1EB6631B00C67781 /* Products */;
			projectDirPath = "";
			projectRoot = "";
			targets = (
				028357AB1EB6631B00C67781 /* SurveyApp */,
			);
		};
/* End PBXProject section */

/* Begin PBXResourcesBuildPhase section */
		028357AA1EB6631B00C67781 /* Resources */ = {
			isa = PBXResourcesBuildPhase;
			buildActionMask = 2147483647;
			files = (
				028357BA1EB6631B00C67781 /* LaunchScreen.storyboard in Resources */,
				0243FF791EBD13AA00D6C552 /* GoogleService-Info.plist in Resources */,
				028357B71EB6631B00C67781 /* Assets.xcassets in Resources */,
				028357B51EB6631B00C67781 /* Main.storyboard in Resources */,
			);
			runOnlyForDeploymentPostprocessing = 0;
		};
/* End PBXResourcesBuildPhase section */

/* Begin PBXShellScriptBuildPhase section */
		169C9946A204CCBABDBED990 /* [CP] Embed Pods Frameworks */ = {
			isa = PBXShellScriptBuildPhase;
			buildActionMask = 2147483647;
			files = (
			);
			inputPaths = (
			);
			name = "[CP] Embed Pods Frameworks";
			outputPaths = (
			);
			runOnlyForDeploymentPostprocessing = 0;
			shellPath = /bin/sh;
			shellScript = "\"${SRCROOT}/Pods/Target Support Files/Pods-SurveyApp/Pods-SurveyApp-frameworks.sh\"\n";
			showEnvVarsInLog = 0;
		};
		A538EC2C3D1119DF20AE8695 /* [CP] Copy Pods Resources */ = {
			isa = PBXShellScriptBuildPhase;
			buildActionMask = 2147483647;
			files = (
			);
			inputPaths = (
			);
			name = "[CP] Copy Pods Resources";
			outputPaths = (
			);
			runOnlyForDeploymentPostprocessing = 0;
			shellPath = /bin/sh;
			shellScript = "\"${SRCROOT}/Pods/Target Support Files/Pods-SurveyApp/Pods-SurveyApp-resources.sh\"\n";
			showEnvVarsInLog = 0;
		};
		C63D7F35C218A6EAFA610A27 /* [CP] Check Pods Manifest.lock */ = {
			isa = PBXShellScriptBuildPhase;
			buildActionMask = 2147483647;
			files = (
			);
			inputPaths = (
			);
			name = "[CP] Check Pods Manifest.lock";
			outputPaths = (
			);
			runOnlyForDeploymentPostprocessing = 0;
			shellPath = /bin/sh;
			shellScript = "diff \"${PODS_ROOT}/../Podfile.lock\" \"${PODS_ROOT}/Manifest.lock\" > /dev/null\nif [ $? != 0 ] ; then\n    # print error to STDERR\n    echo \"error: The sandbox is not in sync with the Podfile.lock. Run 'pod install' or update your CocoaPods installation.\" >&2\n    exit 1\nfi\n";
			showEnvVarsInLog = 0;
		};
/* End PBXShellScriptBuildPhase section */

/* Begin PBXSourcesBuildPhase section */
		028357A81EB6631B00C67781 /* Sources */ = {
			isa = PBXSourcesBuildPhase;
			buildActionMask = 2147483647;
			files = (
				028357C21EB6642000C67781 /* FirstController.swift in Sources */,
				02FBD9C41EB6C0D90088A62A /* ThirdController.swift in Sources */,
				026A51421EBD151A00F6E528 /* Survey.swift in Sources */,
				028357C41EB6643C00C67781 /* SecondController.swift in Sources */,
				028357B21EB6631B00C67781 /* ViewController.swift in Sources */,
				028357B01EB6631B00C67781 /* AppDelegate.swift in Sources */,
				02FBD9C61EB6C0EA0088A62A /* FourthController.swift in Sources */,
			);
			runOnlyForDeploymentPostprocessing = 0;
		};
/* End PBXSourcesBuildPhase section */

/* Begin PBXVariantGroup section */
		028357B31EB6631B00C67781 /* Main.storyboard */ = {
			isa = PBXVariantGroup;
			children = (
				028357B41EB6631B00C67781 /* Base */,
			);
			name = Main.storyboard;
			sourceTree = "<group>";
		};
		028357B81EB6631B00C67781 /* LaunchScreen.storyboard */ = {
			isa = PBXVariantGroup;
			children = (
				028357B91EB6631B00C67781 /* Base */,
			);
			name = LaunchScreen.storyboard;
			sourceTree = "<group>";
		};
/* End PBXVariantGroup section */

/* Begin XCBuildConfiguration section */
		028357BC1EB6631B00C67781 /* Debug */ = {
			isa = XCBuildConfiguration;
			buildSettings = {
				ALWAYS_SEARCH_USER_PATHS = NO;
				CLANG_ANALYZER_NONNULL = YES;
				CLANG_ANALYZER_NUMBER_OBJECT_CONVERSION = YES_AGGRESSIVE;
				CLANG_CXX_LANGUAGE_STANDARD = "gnu++0x";
				CLANG_CXX_LIBRARY = "libc++";
				CLANG_ENABLE_MODULES = YES;
				CLANG_ENABLE_OBJC_ARC = YES;
				CLANG_WARN_BOOL_CONVERSION = YES;
				CLANG_WARN_CONSTANT_CONVERSION = YES;
				CLANG_WARN_DIRECT_OBJC_ISA_USAGE = YES_ERROR;
				CLANG_WARN_DOCUMENTATION_COMMENTS = YES;
				CLANG_WARN_EMPTY_BODY = YES;
				CLANG_WARN_ENUM_CONVERSION = YES;
				CLANG_WARN_INFINITE_RECURSION = YES;
				CLANG_WARN_INT_CONVERSION = YES;
				CLANG_WARN_OBJC_ROOT_CLASS = YES_ERROR;
				CLANG_WARN_SUSPICIOUS_MOVE = YES;
				CLANG_WARN_UNREACHABLE_CODE = YES;
				CLANG_WARN__DUPLICATE_METHOD_MATCH = YES;
				"CODE_SIGN_IDENTITY[sdk=iphoneos*]" = "iPhone Developer";
				COPY_PHASE_STRIP = NO;
				DEBUG_INFORMATION_FORMAT = dwarf;
				ENABLE_STRICT_OBJC_MSGSEND = YES;
				ENABLE_TESTABILITY = YES;
				GCC_C_LANGUAGE_STANDARD = gnu99;
				GCC_DYNAMIC_NO_PIC = NO;
				GCC_NO_COMMON_BLOCKS = YES;
				GCC_OPTIMIZATION_LEVEL = 0;
				GCC_PREPROCESSOR_DEFINITIONS = (
					"DEBUG=1",
					"$(inherited)",
				);
				GCC_WARN_64_TO_32_BIT_CONVERSION = YES;
				GCC_WARN_ABOUT_RETURN_TYPE = YES_ERROR;
				GCC_WARN_UNDECLARED_SELECTOR = YES;
				GCC_WARN_UNINITIALIZED_AUTOS = YES_AGGRESSIVE;
				GCC_WARN_UNUSED_FUNCTION = YES;
				GCC_WARN_UNUSED_VARIABLE = YES;
				IPHONEOS_DEPLOYMENT_TARGET = 10.3;
				MTL_ENABLE_DEBUG_INFO = YES;
				ONLY_ACTIVE_ARCH = YES;
				SDKROOT = iphoneos;
				SWIFT_ACTIVE_COMPILATION_CONDITIONS = DEBUG;
				SWIFT_OPTIMIZATION_LEVEL = "-Onone";
			};
			name = Debug;
		};
		028357BD1EB6631B00C67781 /* Release */ = {
			isa = XCBuildConfiguration;
			buildSettings = {
				ALWAYS_SEARCH_USER_PATHS = NO;
				CLANG_ANALYZER_NONNULL = YES;
				CLANG_ANALYZER_NUMBER_OBJECT_CONVERSION = YES_AGGRESSIVE;
				CLANG_CXX_LANGUAGE_STANDARD = "gnu++0x";
				CLANG_CXX_LIBRARY = "libc++";
				CLANG_ENABLE_MODULES = YES;
				CLANG_ENABLE_OBJC_ARC = YES;
				CLANG_WARN_BOOL_CONVERSION = YES;
				CLANG_WARN_CONSTANT_CONVERSION = YES;
				CLANG_WARN_DIRECT_OBJC_ISA_USAGE = YES_ERROR;
				CLANG_WARN_DOCUMENTATION_COMMENTS = YES;
				CLANG_WARN_EMPTY_BODY = YES;
				CLANG_WARN_ENUM_CONVERSION = YES;
				CLANG_WARN_INFINITE_RECURSION = YES;
				CLANG_WARN_INT_CONVERSION = YES;
				CLANG_WARN_OBJC_ROOT_CLASS = YES_ERROR;
				CLANG_WARN_SUSPICIOUS_MOVE = YES;
				CLANG_WARN_UNREACHABLE_CODE = YES;
				CLANG_WARN__DUPLICATE_METHOD_MATCH = YES;
				"CODE_SIGN_IDENTITY[sdk=iphoneos*]" = "iPhone Developer";
				COPY_PHASE_STRIP = NO;
				DEBUG_INFORMATION_FORMAT = "dwarf-with-dsym";
				ENABLE_NS_ASSERTIONS = NO;
				ENABLE_STRICT_OBJC_MSGSEND = YES;
				GCC_C_LANGUAGE_STANDARD = gnu99;
				GCC_NO_COMMON_BLOCKS = YES;
				GCC_WARN_64_TO_32_BIT_CONVERSION = YES;
				GCC_WARN_ABOUT_RETURN_TYPE = YES_ERROR;
				GCC_WARN_UNDECLARED_SELECTOR = YES;
				GCC_WARN_UNINITIALIZED_AUTOS = YES_AGGRESSIVE;
				GCC_WARN_UNUSED_FUNCTION = YES;
				GCC_WARN_UNUSED_VARIABLE = YES;
				IPHONEOS_DEPLOYMENT_TARGET = 10.3;
				MTL_ENABLE_DEBUG_INFO = NO;
				SDKROOT = iphoneos;
				SWIFT_OPTIMIZATION_LEVEL = "-Owholemodule";
				VALIDATE_PRODUCT = YES;
			};
			name = Release;
		};
		028357BF1EB6631B00C67781 /* Debug */ = {
			isa = XCBuildConfiguration;
			baseConfigurationReference = BEEA29B62342E03F414B80A8 /* Pods-SurveyApp.debug.xcconfig */;
			buildSettings = {
				ASSETCATALOG_COMPILER_APPICON_NAME = AppIcon;
				DEVELOPMENT_TEAM = 73QVNZWQQJ;
				INFOPLIST_FILE = SurveyApp/Info.plist;
				LD_RUNPATH_SEARCH_PATHS = "$(inherited) @executable_path/Frameworks";
				PRODUCT_BUNDLE_IDENTIFIER = com.bailigabhanar.SurveyApp;
				PRODUCT_NAME = "$(TARGET_NAME)";
				SWIFT_VERSION = 3.0;
			};
			name = Debug;
		};
		028357C01EB6631B00C67781 /* Release */ = {
			isa = XCBuildConfiguration;
			baseConfigurationReference = 42560838670382522077F5E7 /* Pods-SurveyApp.release.xcconfig */;
			buildSettings = {
				ASSETCATALOG_COMPILER_APPICON_NAME = AppIcon;
				DEVELOPMENT_TEAM = 73QVNZWQQJ;
				INFOPLIST_FILE = SurveyApp/Info.plist;
				LD_RUNPATH_SEARCH_PATHS = "$(inherited) @executable_path/Frameworks";
				PRODUCT_BUNDLE_IDENTIFIER = com.bailigabhanar.SurveyApp;
				PRODUCT_NAME = "$(TARGET_NAME)";
				SWIFT_VERSION = 3.0;
			};
			name = Release;
		};
/* End XCBuildConfiguration section */

/* Begin XCConfigurationList section */
		028357A71EB6631B00C67781 /* Build configuration list for PBXProject "SurveyApp" */ = {
			isa = XCConfigurationList;
			buildConfigurations = (
				028357BC1EB6631B00C67781 /* Debug */,
				028357BD1EB6631B00C67781 /* Release */,
			);
			defaultConfigurationIsVisible = 0;
			defaultConfigurationName = Release;
		};
		028357BE1EB6631B00C67781 /* Build configuration list for PBXNativeTarget "SurveyApp" */ = {
			isa = XCConfigurationList;
			buildConfigurations = (
				028357BF1EB6631B00C67781 /* Debug */,
				028357C01EB6631B00C67781 /* Release */,
			);
			defaultConfigurationIsVisible = 0;
			defaultConfigurationName = Release;
		};
/* End XCConfigurationList section */
	};
	rootObject = 028357A41EB6631B00C67781 /* Project object */;
}
